
Microsoft Visual Studio Solution File, Format Version 12.00
# Visual Studio 15
VisualStudioVersion = 15.0.28307.1209
MinimumVisualStudioVersion = 10.0.40219.1
Project("{FAE04EC0-301F-11D3-BF4B-00C04F79EFBC}") = "EmployeeCRUDAngular", "EmployeeCRUDAngular\EmployeeCRUDAngular.csproj", "{AEE5F1E6-2045-4134-AA18-615B669B338D}"
EndProject
Global
	GlobalSection(SolutionConfigurationPlatforms) = preSolution
		Debug|Any CPU = Debug|Any CPU
		Release|Any CPU = Release|Any CPU
	EndGlobalSection
	GlobalSection(ProjectConfigurationPlatforms) = postSolution
		{AEE5F1E6-2045-4134-AA18-615B669B338D}.Debug|Any CPU.ActiveCfg = Debug|Any CPU
		{AEE5F1E6-2045-4134-AA18-615B669B338D}.Debug|Any CPU.Build.0 = Debug|Any CPU
		{AEE5F1E6-2045-4134-AA18-615B669B338D}.Release|Any CPU.ActiveCfg = Release|Any CPU
		{AEE5F1E6-2045-4134-AA18-615B669B338D}.Release|Any CPU.Build.0 = Release|Any CPU
	EndGlobalSection
	GlobalSection(SolutionProperties) = preSolution
		HideSolutionNode = FALSE
	EndGlobalSection
	GlobalSection(ExtensibilityGlobals) = postSolution
		SolutionGuid = {A7D80E4D-E5F5-4E38-BF7F-37243C2ABE1A}
	EndGlobalSection
EndGlobal
